# THIS IS AN AUTOGENERATED FILE. DO NOT EDIT THIS FILE DIRECTLY.
# yarn lockfile v1


"@types/node@^14.11.1":
  version "14.11.1"
  resolved "https://registry-npm.meetwhale.com/@types/node/download/@types/node-14.11.1.tgz#56af902ad157e763f9ba63d671c39cda3193c835"
  integrity sha1-Vq+QKtFX52P5umPWccOc2jGTyDU=
